<?xml version="1.0" encoding="utf-8"?>
<Project ToolsVersion="4.0" xmlns="http://schemas.microsoft.com/developer/msbuild/2003">
  <ItemGroup>
    <Filter Include="Source Files">
      <UniqueIdentifier>{4FC737F1-C7A5-4376-A066-2A32D752A2FF}</UniqueIdentifier>
      <Extensions>cpp;c;cc;cxx;def;odl;idl;hpj;bat;asm;asmx</Extensions>
    </Filter>
    <Filter Include="Header Files">
      <UniqueIdentifier>{93995380-89BD-4b04-88EB-625FBE52EBFB}</UniqueIdentifier>
      <Extensions>h;hpp;hxx;hm;inl;inc;xsd</Extensions>
    </Filter>
    <Filter Include="Resource Files">
      <UniqueIdentifier>{67DA6AB6-F800-4c08-8B7A-83BB121AAD01}</UniqueIdentifier>
      <Extensions>rc;ico;cur;bmp;dlg;rc2;rct;bin;rgs;gif;jpg;jpeg;jpe;resx;tiff;tif;png;wav;mfcribbon-ms</Extensions>
    </Filter>
  </ItemGroup>
  <ItemGroup>
    <ClInclude Include="cdatabaseengine_sql.h">
      <Filter>Header Files</Filter>
    </ClInclude>
    <ClInclude Include="cdate.h">
      <Filter>Header Files</Filter>
    </ClInclude>
    <ClInclude Include="cdialog_serversettings.h">
      <Filter>Header Files</Filter>
    </ClInclude>
    <ClInclude Include="cdialog_usersettings.h">
      <Filter>Header Files</Filter>
    </ClInclude>
    <ClInclude Include="cdocument_main.h">
      <Filter>Header Files</Filter>
    </ClInclude>
    <ClInclude Include="cframewnd_main.h">
      <Filter>Header Files</Filter>
    </ClInclude>
    <ClInclude Include="ciprojectdatabaseengine.h">
      <Filter>Header Files</Filter>
    </ClInclude>
    <ClInclude Include="citaskdatabaseengine.h">
      <Filter>Header Files</Filter>
    </ClInclude>
    <ClInclude Include="citaskexport.h">
      <Filter>Header Files</Filter>
    </ClInclude>
    <ClInclude Include="ciuserdatabaseengine.h">
      <Filter>Header Files</Filter>
    </ClInclude>
    <ClInclude Include="clistview_main.h">
      <Filter>Header Files</Filter>
    </ClInclude>
    <ClInclude Include="cproject.h">
      <Filter>Header Files</Filter>
    </ClInclude>
    <ClInclude Include="cprojectdatabaseengine_software.h">
      <Filter>Header Files</Filter>
    </ClInclude>
    <ClInclude Include="cprojectdatabaseengine_sql.h">
      <Filter>Header Files</Filter>
    </ClInclude>
    <ClInclude Include="craiiccriticalsection.h">
      <Filter>Header Files</Filter>
    </ClInclude>
    <ClInclude Include="craiicdatabase.h">
      <Filter>Header Files</Filter>
    </ClInclude>
    <ClInclude Include="craiicrecordset.h">
      <Filter>Header Files</Filter>
    </ClInclude>
    <ClInclude Include="crc.h">
      <Filter>Header Files</Filter>
    </ClInclude>
    <ClInclude Include="crecordset_projectlist.h">
      <Filter>Header Files</Filter>
    </ClInclude>
    <ClInclude Include="crecordset_tasklist.h">
      <Filter>Header Files</Filter>
    </ClInclude>
    <ClInclude Include="crecordset_userlist.h">
      <Filter>Header Files</Filter>
    </ClInclude>
    <ClInclude Include="csafestring.h">
      <Filter>Header Files</Filter>
    </ClInclude>
    <ClInclude Include="ctask.h">
      <Filter>Header Files</Filter>
    </ClInclude>
    <ClInclude Include="ctaskdatabaseengine_software.h">
      <Filter>Header Files</Filter>
    </ClInclude>
    <ClInclude Include="ctaskdatabaseengine_sql.h">
      <Filter>Header Files</Filter>
    </ClInclude>
    <ClInclude Include="ctaskexporthtml.h">
      <Filter>Header Files</Filter>
    </ClInclude>
    <ClInclude Include="ctaskexporttxt.h">
      <Filter>Header Files</Filter>
    </ClInclude>
    <ClInclude Include="cthreadserver.h">
      <Filter>Header Files</Filter>
    </ClInclude>
    <ClInclude Include="cthreadserverunit.h">
      <Filter>Header Files</Filter>
    </ClInclude>
    <ClInclude Include="ctransceiver.h">
      <Filter>Header Files</Filter>
    </ClInclude>
    <ClInclude Include="ctransceiver_autorization.h">
      <Filter>Header Files</Filter>
    </ClInclude>
    <ClInclude Include="ctransceiver_file.h">
      <Filter>Header Files</Filter>
    </ClInclude>
    <ClInclude Include="ctransceiver_ping.h">
      <Filter>Header Files</Filter>
    </ClInclude>
    <ClInclude Include="ctransceiver_project.h">
      <Filter>Header Files</Filter>
    </ClInclude>
    <ClInclude Include="ctransceiver_task.h">
      <Filter>Header Files</Filter>
    </ClInclude>
    <ClInclude Include="ctransceiver_user.h">
      <Filter>Header Files</Filter>
    </ClInclude>
    <ClInclude Include="cuser.h">
      <Filter>Header Files</Filter>
    </ClInclude>
    <ClInclude Include="cuserdatabaseengine_software.h">
      <Filter>Header Files</Filter>
    </ClInclude>
    <ClInclude Include="cuserdatabaseengine_sql.h">
      <Filter>Header Files</Filter>
    </ClInclude>
    <ClInclude Include="protocol.h">
      <Filter>Header Files</Filter>
    </ClInclude>
    <ClInclude Include="resource.h">
      <Filter>Header Files</Filter>
    </ClInclude>
    <ClInclude Include="stdafx.h">
      <Filter>Header Files</Filter>
    </ClInclude>
    <ClInclude Include="ctaskexportcsv.h">
      <Filter>Header Files</Filter>
    </ClInclude>
  </ItemGroup>
  <ItemGroup>
    <ClCompile Include="cdate.cpp">
      <Filter>Source Files</Filter>
    </ClCompile>
    <ClCompile Include="cdialog_serversettings.cpp">
      <Filter>Source Files</Filter>
    </ClCompile>
    <ClCompile Include="cdialog_usersettings.cpp">
      <Filter>Source Files</Filter>
    </ClCompile>
    <ClCompile Include="cdocument_main.cpp">
      <Filter>Source Files</Filter>
    </ClCompile>
    <ClCompile Include="cframewnd_main.cpp">
      <Filter>Source Files</Filter>
    </ClCompile>
    <ClCompile Include="citaskexport.cpp">
      <Filter>Source Files</Filter>
    </ClCompile>
    <ClCompile Include="clistview_main.cpp">
      <Filter>Source Files</Filter>
    </ClCompile>
    <ClCompile Include="cproject.cpp">
      <Filter>Source Files</Filter>
    </ClCompile>
    <ClCompile Include="cprojectdatabaseengine_software.cpp">
      <Filter>Source Files</Filter>
    </ClCompile>
    <ClCompile Include="cprojectdatabaseengine_sql.cpp">
      <Filter>Source Files</Filter>
    </ClCompile>
    <ClCompile Include="crc.cpp">
      <Filter>Source Files</Filter>
    </ClCompile>
    <ClCompile Include="crecordset_projectlist.cpp">
      <Filter>Source Files</Filter>
    </ClCompile>
    <ClCompile Include="crecordset_tasklist.cpp">
      <Filter>Source Files</Filter>
    </ClCompile>
    <ClCompile Include="crecordset_userlist.cpp">
      <Filter>Source Files</Filter>
    </ClCompile>
    <ClCompile Include="csafestring.cpp">
      <Filter>Source Files</Filter>
    </ClCompile>
    <ClCompile Include="ctask.cpp">
      <Filter>Source Files</Filter>
    </ClCompile>
    <ClCompile Include="ctaskdatabaseengine_software.cpp">
      <Filter>Source Files</Filter>
    </ClCompile>
    <ClCompile Include="ctaskdatabaseengine_sql.cpp">
      <Filter>Source Files</Filter>
    </ClCompile>
    <ClCompile Include="ctaskexporthtml.cpp">
      <Filter>Source Files</Filter>
    </ClCompile>
    <ClCompile Include="ctaskexporttxt.cpp">
      <Filter>Source Files</Filter>
    </ClCompile>
    <ClCompile Include="cthreadserver.cpp">
      <Filter>Source Files</Filter>
    </ClCompile>
    <ClCompile Include="cthreadserverunit.cpp">
      <Filter>Source Files</Filter>
    </ClCompile>
    <ClCompile Include="ctransceiver.cpp">
      <Filter>Source Files</Filter>
    </ClCompile>
    <ClCompile Include="ctransceiver_autorization.cpp">
      <Filter>Source Files</Filter>
    </ClCompile>
    <ClCompile Include="ctransceiver_file.cpp">
      <Filter>Source Files</Filter>
    </ClCompile>
    <ClCompile Include="ctransceiver_ping.cpp">
      <Filter>Source Files</Filter>
    </ClCompile>
    <ClCompile Include="ctransceiver_project.cpp">
      <Filter>Source Files</Filter>
    </ClCompile>
    <ClCompile Include="ctransceiver_task.cpp">
      <Filter>Source Files</Filter>
    </ClCompile>
    <ClCompile Include="ctransceiver_user.cpp">
      <Filter>Source Files</Filter>
    </ClCompile>
    <ClCompile Include="cuser.cpp">
      <Filter>Source Files</Filter>
    </ClCompile>
    <ClCompile Include="cuserdatabaseengine_software.cpp">
      <Filter>Source Files</Filter>
    </ClCompile>
    <ClCompile Include="cuserdatabaseengine_sql.cpp">
      <Filter>Source Files</Filter>
    </ClCompile>
    <ClCompile Include="Main.cpp">
      <Filter>Source Files</Filter>
    </ClCompile>
    <ClCompile Include="ctaskexportcsv.cpp">
      <Filter>Source Files</Filter>
    </ClCompile>
  </ItemGroup>
  <ItemGroup>
    <ResourceCompile Include="Resource.rc">
      <Filter>Resource Files</Filter>
    </ResourceCompile>
  </ItemGroup>
</Project>